// !$*UTF8*$!
{
	archiveVersion = 1;
	classes = {
	};
	objectVersion = 50;
	objects = {

/* Begin PBXBuildFile section */
		C649BA2222470E7B0048B170 /* Honeycrisp.jpg in Resources */ = {isa = PBXBuildFile; fileRef = C649BA1622470E7A0048B170 /* Honeycrisp.jpg */; };
		C649BA2322470E7B0048B170 /* Red Delicious.jpg in Resources */ = {isa = PBXBuildFile; fileRef = C649BA1722470E7A0048B170 /* Red Delicious.jpg */; };
		C649BA2422470E7B0048B170 /* McIntosh.jpg in Resources */ = {isa = PBXBuildFile; fileRef = C649BA1822470E7A0048B170 /* McIntosh.jpg */; };
		C649BA2522470E7B0048B170 /* Granny Smith.jpg in Resources */ = {isa = PBXBuildFile; fileRef = C649BA1922470E7B0048B170 /* Granny Smith.jpg */; };
		C649BA2622470E7B0048B170 /* Crispin.png in Resources */ = {isa = PBXBuildFile; fileRef = C649BA1A22470E7B0048B170 /* Crispin.png */; };
		C649BA2722470E7B0048B170 /* Pink Lady.jpg in Resources */ = {isa = PBXBuildFile; fileRef = C649BA1B22470E7B0048B170 /* Pink Lady.jpg */; };
		C649BA2822470E7B0048B170 /* Gala.jpg in Resources */ = {isa = PBXBuildFile; fileRef = C649BA1C22470E7B0048B170 /* Gala.jpg */; };
		C649BA2922470E7B0048B170 /* AppleLogo.png in Resources */ = {isa = PBXBuildFile; fileRef = C649BA1D22470E7B0048B170 /* AppleLogo.png */; };
		C649BA2A22470E7B0048B170 /* Fuji.jpg in Resources */ = {isa = PBXBuildFile; fileRef = C649BA1E22470E7B0048B170 /* Fuji.jpg */; };
		C649BA2B22470E7B0048B170 /* Braeburn.jpg in Resources */ = {isa = PBXBuildFile; fileRef = C649BA1F22470E7B0048B170 /* Braeburn.jpg */; };
		C649BA2C22470E7B0048B170 /* Golden Delicious.jpg in Resources */ = {isa = PBXBuildFile; fileRef = C649BA2022470E7B0048B170 /* Golden Delicious.jpg */; };
		C649BA2D22470E7B0048B170 /* AppleDetector.mlmodel in Sources */ = {isa = PBXBuildFile; fileRef = C649BA2122470E7B0048B170 /* AppleDetector.mlmodel */; };
		C65D59C8224701340019F0C2 /* AppDelegate.swift in Sources */ = {isa = PBXBuildFile; fileRef = C65D59C7224701340019F0C2 /* AppDelegate.swift */; };
		C65D59CA224701340019F0C2 /* ViewController.swift in Sources */ = {isa = PBXBuildFile; fileRef = C65D59C9224701340019F0C2 /* ViewController.swift */; };
		C65D59CD224701340019F0C2 /* Main.storyboard in Resources */ = {isa = PBXBuildFile; fileRef = C65D59CB224701340019F0C2 /* Main.storyboard */; };
		C65D59CF224701370019F0C2 /* Assets.xcassets in Resources */ = {isa = PBXBuildFile; fileRef = C65D59CE224701370019F0C2 /* Assets.xcassets */; };
		C65D59D2224701370019F0C2 /* LaunchScreen.storyboard in Resources */ = {isa = PBXBuildFile; fileRef = C65D59D0224701370019F0C2 /* LaunchScreen.storyboard */; };
		C65D59DD224701370019F0C2 /* WhatsApple_iOSTests.swift in Sources */ = {isa = PBXBuildFile; fileRef = C65D59DC224701370019F0C2 /* WhatsApple_iOSTests.swift */; };
		C65D59E8224701370019F0C2 /* WhatsApple_iOSUITests.swift in Sources */ = {isa = PBXBuildFile; fileRef = C65D59E7224701370019F0C2 /* WhatsApple_iOSUITests.swift */; };
/* End PBXBuildFile section */

/* Begin PBXContainerItemProxy section */
		C65D59D9224701370019F0C2 /* PBXContainerItemProxy */ = {
			isa = PBXContainerItemProxy;
			containerPortal = C65D59BC224701340019F0C2 /* Project object */;
			proxyType = 1;
			remoteGlobalIDString = C65D59C3224701340019F0C2;
			remoteInfo = "WhatsApple-iOS";
		};
		C65D59E4224701370019F0C2 /* PBXContainerItemProxy */ = {
			isa = PBXContainerItemProxy;
			containerPortal = C65D59BC224701340019F0C2 /* Project object */;
			proxyType = 1;
			remoteGlobalIDString = C65D59C3224701340019F0C2;
			remoteInfo = "WhatsApple-iOS";
		};
/* End PBXContainerItemProxy section */

/* Begin PBXFileReference section */
		C649BA1622470E7A0048B170 /* Honeycrisp.jpg */ = {isa = PBXFileReference; lastKnownFileType = image.jpeg; name = Honeycrisp.jpg; path = assets/Honeycrisp.jpg; sourceTree = SOURCE_ROOT; };
		C649BA1722470E7A0048B170 /* Red Delicious.jpg */ = {isa = PBXFileReference; lastKnownFileType = image.jpeg; name = "Red Delicious.jpg"; path = "assets/Red Delicious.jpg"; sourceTree = SOURCE_ROOT; };
		C649BA1822470E7A0048B170 /* McIntosh.jpg */ = {isa = PBXFileReference; lastKnownFileType = image.jpeg; name = McIntosh.jpg; path = assets/McIntosh.jpg; sourceTree = SOURCE_ROOT; };
		C649BA1922470E7B0048B170 /* Granny Smith.jpg */ = {isa = PBXFileReference; lastKnownFileType = image.jpeg; name = "Granny Smith.jpg"; path = "assets/Granny Smith.jpg"; sourceTree = SOURCE_ROOT; };
		C649BA1A22470E7B0048B170 /* Crispin.png */ = {isa = PBXFileReference; lastKnownFileType = image.png; name = Crispin.png; path = assets/Crispin.png; sourceTree = SOURCE_ROOT; };
		C649BA1B22470E7B0048B170 /* Pink Lady.jpg */ = {isa = PBXFileReference; lastKnownFileType = image.jpeg; name = "Pink Lady.jpg"; path = "assets/Pink Lady.jpg"; sourceTree = SOURCE_ROOT; };
		C649BA1C22470E7B0048B170 /* Gala.jpg */ = {isa = PBXFileReference; lastKnownFileType = image.jpeg; name = Gala.jpg; path = assets/Gala.jpg; sourceTree = SOURCE_ROOT; };
		C649BA1D22470E7B0048B170 /* AppleLogo.png */ = {isa = PBXFileReference; lastKnownFileType = image.png; name = AppleLogo.png; path = assets/AppleLogo.png; sourceTree = SOURCE_ROOT; };
		C649BA1E22470E7B0048B170 /* Fuji.jpg */ = {isa = PBXFileReference; lastKnownFileType = image.jpeg; name = Fuji.jpg; path = assets/Fuji.jpg; sourceTree = SOURCE_ROOT; };
		C649BA1F22470E7B0048B170 /* Braeburn.jpg */ = {isa = PBXFileReference; lastKnownFileType = image.jpeg; name = Braeburn.jpg; path = assets/Braeburn.jpg; sourceTree = SOURCE_ROOT; };
		C649BA2022470E7B0048B170 /* Golden Delicious.jpg */ = {isa = PBXFileReference; lastKnownFileType = image.jpeg; name = "Golden Delicious.jpg"; path = "assets/Golden Delicious.jpg"; sourceTree = SOURCE_ROOT; };
		C649BA2122470E7B0048B170 /* AppleDetector.mlmodel */ = {isa = PBXFileReference; lastKnownFileType = file.mlmodel; name = AppleDetector.mlmodel; path = assets/AppleDetector.mlmodel; sourceTree = SOURCE_ROOT; };
		C65D59C4224701340019F0C2 /* WhatsApple-iOS.app */ = {isa = PBXFileReference; explicitFileType = wrapper.application; includeInIndex = 0; path = "WhatsApple-iOS.app"; sourceTree = BUILT_PRODUCTS_DIR; };
		C65D59C7224701340019F0C2 /* AppDelegate.swift */ = {isa = PBXFileReference; lastKnownFileType = sourcecode.swift; path = AppDelegate.swift; sourceTree = "<group>"; };
		C65D59C9224701340019F0C2 /* ViewController.swift */ = {isa = PBXFileReference; lastKnownFileType = sourcecode.swift; path = ViewController.swift; sourceTree = "<group>"; };
		C65D59CC224701340019F0C2 /* Base */ = {isa = PBXFileReference; lastKnownFileType = file.storyboard; name = Base; path = Base.lproj/Main.storyboard; sourceTree = "<group>"; };
		C65D59CE224701370019F0C2 /* Assets.xcassets */ = {isa = PBXFileReference; lastKnownFileType = folder.assetcatalog; path = Assets.xcassets; sourceTree = "<group>"; };
		C65D59D1224701370019F0C2 /* Base */ = {isa = PBXFileReference; lastKnownFileType = file.storyboard; name = Base; path = Base.lproj/LaunchScreen.storyboard; sourceTree = "<group>"; };
		C65D59D3224701370019F0C2 /* Info.plist */ = {isa = PBXFileReference; lastKnownFileType = text.plist.xml; path = Info.plist; sourceTree = "<group>"; };
		C65D59D8224701370019F0C2 /* WhatsApple-iOSTests.xctest */ = {isa = PBXFileReference; explicitFileType = wrapper.cfbundle; includeInIndex = 0; path = "WhatsApple-iOSTests.xctest"; sourceTree = BUILT_PRODUCTS_DIR; };
		C65D59DC224701370019F0C2 /* WhatsApple_iOSTests.swift */ = {isa = PBXFileReference; lastKnownFileType = sourcecode.swift; path = WhatsApple_iOSTests.swift; sourceTree = "<group>"; };
		C65D59DE224701370019F0C2 /* Info.plist */ = {isa = PBXFileReference; lastKnownFileType = text.plist.xml; path = Info.plist; sourceTree = "<group>"; };
		C65D59E3224701370019F0C2 /* WhatsApple-iOSUITests.xctest */ = {isa = PBXFileReference; explicitFileType = wrapper.cfbundle; includeInIndex = 0; path = "WhatsApple-iOSUITests.xctest"; sourceTree = BUILT_PRODUCTS_DIR; };
		C65D59E7224701370019F0C2 /* WhatsApple_iOSUITests.swift */ = {isa = PBXFileReference; lastKnownFileType = sourcecode.swift; path = WhatsApple_iOSUITests.swift; sourceTree = "<group>"; };
		C65D59E9224701370019F0C2 /* Info.plist */ = {isa = PBXFileReference; lastKnownFileType = text.plist.xml; path = Info.plist; sourceTree = "<group>"; };
/* End PBXFileReference section */

/* Begin PBXFrameworksBuildPhase section */
		C65D59C1224701340019F0C2 /* Frameworks */ = {
			isa = PBXFrameworksBuildPhase;
			buildActionMask = 2147483647;
			files = (
			);
			runOnlyForDeploymentPostprocessing = 0;
		};
		C65D59D5224701370019F0C2 /* Frameworks */ = {
			isa = PBXFrameworksBuildPhase;
			buildActionMask = 2147483647;
			files = (
			);
			runOnlyForDeploymentPostprocessing = 0;
		};
		C65D59E0224701370019F0C2 /* Frameworks */ = {
			isa = PBXFrameworksBuildPhase;
			buildActionMask = 2147483647;
			files = (
			);
			runOnlyForDeploymentPostprocessing = 0;
		};
/* End PBXFrameworksBuildPhase section */

/* Begin PBXGroup section */
		C65D59BB224701340019F0C2 = {
			isa = PBXGroup;
			children = (
				C65D59C6224701340019F0C2 /* WhatsApple-iOS */,
				C65D59DB224701370019F0C2 /* WhatsApple-iOSTests */,
				C65D59E6224701370019F0C2 /* WhatsApple-iOSUITests */,
				C65D59C5224701340019F0C2 /* Products */,
			);
			sourceTree = "<group>";
		};
		C65D59C5224701340019F0C2 /* Products */ = {
			isa = PBXGroup;
			children = (
				C65D59C4224701340019F0C2 /* WhatsApple-iOS.app */,
				C65D59D8224701370019F0C2 /* WhatsApple-iOSTests.xctest */,
				C65D59E3224701370019F0C2 /* WhatsApple-iOSUITests.xctest */,
			);
			name = Products;
			sourceTree = "<group>";
		};
		C65D59C6224701340019F0C2 /* WhatsApple-iOS */ = {
			isa = PBXGroup;
			children = (
				C649BA2122470E7B0048B170 /* AppleDetector.mlmodel */,
				C649BA1D22470E7B0048B170 /* AppleLogo.png */,
				C649BA1F22470E7B0048B170 /* Braeburn.jpg */,
				C649BA1A22470E7B0048B170 /* Crispin.png */,
				C649BA1E22470E7B0048B170 /* Fuji.jpg */,
				C649BA1C22470E7B0048B170 /* Gala.jpg */,
				C649BA2022470E7B0048B170 /* Golden Delicious.jpg */,
				C649BA1922470E7B0048B170 /* Granny Smith.jpg */,
				C649BA1622470E7A0048B170 /* Honeycrisp.jpg */,
				C649BA1822470E7A0048B170 /* McIntosh.jpg */,
				C649BA1B22470E7B0048B170 /* Pink Lady.jpg */,
				C649BA1722470E7A0048B170 /* Red Delicious.jpg */,
				C65D59C7224701340019F0C2 /* AppDelegate.swift */,
				C65D59C9224701340019F0C2 /* ViewController.swift */,
				C65D59CB224701340019F0C2 /* Main.storyboard */,
				C65D59CE224701370019F0C2 /* Assets.xcassets */,
				C65D59D0224701370019F0C2 /* LaunchScreen.storyboard */,
				C65D59D3224701370019F0C2 /* Info.plist */,
			);
			path = "WhatsApple-iOS";
			sourceTree = "<group>";
		};
		C65D59DB224701370019F0C2 /* WhatsApple-iOSTests */ = {
			isa = PBXGroup;
			children = (
				C65D59DC224701370019F0C2 /* WhatsApple_iOSTests.swift */,
				C65D59DE224701370019F0C2 /* Info.plist */,
			);
			path = "WhatsApple-iOSTests";
			sourceTree = "<group>";
		};
		C65D59E6224701370019F0C2 /* WhatsApple-iOSUITests */ = {
			isa = PBXGroup;
			children = (
				C65D59E7224701370019F0C2 /* WhatsApple_iOSUITests.swift */,
				C65D59E9224701370019F0C2 /* Info.plist */,
			);
			path = "WhatsApple-iOSUITests";
			sourceTree = "<group>";
		};
/* End PBXGroup section */

/* Begin PBXNativeTarget section */
		C65D59C3224701340019F0C2 /* WhatsApple-iOS */ = {
			isa = PBXNativeTarget;
			buildConfigurationList = C65D59EC224701370019F0C2 /* Build configuration list for PBXNativeTarget "WhatsApple-iOS" */;
			buildPhases = (
				C65D59C0224701340019F0C2 /* Sources */,
				C65D59C1224701340019F0C2 /* Frameworks */,
				C65D59C2224701340019F0C2 /* Resources */,
			);
			buildRules = (
			);
			dependencies = (
			);
			name = "WhatsApple-iOS";
			productName = "WhatsApple-iOS";
			productReference = C65D59C4224701340019F0C2 /* WhatsApple-iOS.app */;
			productType = "com.apple.product-type.application";
		};
		C65D59D7224701370019F0C2 /* WhatsApple-iOSTests */ = {
			isa = PBXNativeTarget;
			buildConfigurationList = C65D59EF224701370019F0C2 /* Build configuration list for PBXNativeTarget "WhatsApple-iOSTests" */;
			buildPhases = (
				C65D59D4224701370019F0C2 /* Sources */,
				C65D59D5224701370019F0C2 /* Frameworks */,
				C65D59D6224701370019F0C2 /* Resources */,
			);
			buildRules = (
			);
			dependencies = (
				C65D59DA224701370019F0C2 /* PBXTargetDependency */,
			);
			name = "WhatsApple-iOSTests";
			productName = "WhatsApple-iOSTests";
			productReference = C65D59D8224701370019F0C2 /* WhatsApple-iOSTests.xctest */;
			productType = "com.apple.product-type.bundle.unit-test";
		};
		C65D59E2224701370019F0C2 /* WhatsApple-iOSUITests */ = {
			isa = PBXNativeTarget;
			buildConfigurationList = C65D59F2224701370019F0C2 /* Build configuration list for PBXNativeTarget "WhatsApple-iOSUITests" */;
			buildPhases = (
				C65D59DF224701370019F0C2 /* Sources */,
				C65D59E0224701370019F0C2 /* Frameworks */,
				C65D59E1224701370019F0C2 /* Resources */,
			);
			buildRules = (
			);
			dependencies = (
				C65D59E5224701370019F0C2 /* PBXTargetDependency */,
			);
			name = "WhatsApple-iOSUITests";
			productName = "WhatsApple-iOSUITests";
			productReference = C65D59E3224701370019F0C2 /* WhatsApple-iOSUITests.xctest */;
			productType = "com.apple.product-type.bundle.ui-testing";
		};
/* End PBXNativeTarget section */

/* Begin PBXProject section */
		C65D59BC224701340019F0C2 /* Project object */ = {
			isa = PBXProject;
			attributes = {
				LastSwiftUpdateCheck = 1010;
				LastUpgradeCheck = 1010;
				ORGANIZATIONNAME = gg;
				TargetAttributes = {
					C65D59C3224701340019F0C2 = {
						CreatedOnToolsVersion = 10.1;
					};
					C65D59D7224701370019F0C2 = {
						CreatedOnToolsVersion = 10.1;
						TestTargetID = C65D59C3224701340019F0C2;
					};
					C65D59E2224701370019F0C2 = {
						CreatedOnToolsVersion = 10.1;
						TestTargetID = C65D59C3224701340019F0C2;
					};
				};
			};
			buildConfigurationList = C65D59BF224701340019F0C2 /* Build configuration list for PBXProject "WhatsApple-iOS" */;
			compatibilityVersion = "Xcode 9.3";
			developmentRegion = en;
			hasScannedForEncodings = 0;
			knownRegions = (
				en,
				Base,
			);
			mainGroup = C65D59BB224701340019F0C2;
			productRefGroup = C65D59C5224701340019F0C2 /* Products */;
			projectDirPath = "";
			projectRoot = "";
			targets = (
				C65D59C3224701340019F0C2 /* WhatsApple-iOS */,
				C65D59D7224701370019F0C2 /* WhatsApple-iOSTests */,
				C65D59E2224701370019F0C2 /* WhatsApple-iOSUITests */,
			);
		};
/* End PBXProject section */

/* Begin PBXResourcesBuildPhase section */
		C65D59C2224701340019F0C2 /* Resources */ = {
			isa = PBXResourcesBuildPhase;
			buildActionMask = 2147483647;
			files = (
				C649BA2922470E7B0048B170 /* AppleLogo.png in Resources */,
				C65D59D2224701370019F0C2 /* LaunchScreen.storyboard in Resources */,
				C649BA2322470E7B0048B170 /* Red Delicious.jpg in Resources */,
				C649BA2822470E7B0048B170 /* Gala.jpg in Resources */,
				C649BA2722470E7B0048B170 /* Pink Lady.jpg in Resources */,
				C649BA2A22470E7B0048B170 /* Fuji.jpg in Resources */,
				C649BA2522470E7B0048B170 /* Granny Smith.jpg in Resources */,
				C649BA2C22470E7B0048B170 /* Golden Delicious.jpg in Resources */,
				C649BA2422470E7B0048B170 /* McIntosh.jpg in Resources */,
				C649BA2222470E7B0048B170 /* Honeycrisp.jpg in Resources */,
				C649BA2B22470E7B0048B170 /* Braeburn.jpg in Resources */,
				C65D59CF224701370019F0C2 /* Assets.xcassets in Resources */,
				C649BA2622470E7B0048B170 /* Crispin.png in Resources */,
				C65D59CD224701340019F0C2 /* Main.storyboard in Resources */,
			);
			runOnlyForDeploymentPostprocessing = 0;
		};
		C65D59D6224701370019F0C2 /* Resources */ = {
			isa = PBXResourcesBuildPhase;
			buildActionMask = 2147483647;
			files = (
			);
			runOnlyForDeploymentPostprocessing = 0;
		};
		C65D59E1224701370019F0C2 /* Resources */ = {
			isa = PBXResourcesBuildPhase;
			buildActionMask = 2147483647;
			files = (
			);
			runOnlyForDeploymentPostprocessing = 0;
		};
/* End PBXResourcesBuildPhase section */

/* Begin PBXSourcesBuildPhase section */
		C65D59C0224701340019F0C2 /* Sources */ = {
			isa = PBXSourcesBuildPhase;
			buildActionMask = 2147483647;
			files = (
				C65D59CA224701340019F0C2 /* ViewController.swift in Sources */,
				C65D59C8224701340019F0C2 /* AppDelegate.swift in Sources */,
				C649BA2D22470E7B0048B170 /* AppleDetector.mlmodel in Sources */,
			);
			runOnlyForDeploymentPostprocessing = 0;
		};
		C65D59D4224701370019F0C2 /* Sources */ = {
			isa = PBXSourcesBuildPhase;
			buildActionMask = 2147483647;
			files = (
				C65D59DD224701370019F0C2 /* WhatsApple_iOSTests.swift in Sources */,
			);
			runOnlyForDeploymentPostprocessing = 0;
		};
		C65D59DF224701370019F0C2 /* Sources */ = {
			isa = PBXSourcesBuildPhase;
			buildActionMask = 2147483647;
			files = (
				C65D59E8224701370019F0C2 /* WhatsApple_iOSUITests.swift in Sources */,
			);
			runOnlyForDeploymentPostprocessing = 0;
		};
/* End PBXSourcesBuildPhase section */

/* Begin PBXTargetDependency section */
		C65D59DA224701370019F0C2 /* PBXTargetDependency */ = {
			isa = PBXTargetDependency;
			target = C65D59C3224701340019F0C2 /* WhatsApple-iOS */;
			targetProxy = C65D59D9224701370019F0C2 /* PBXContainerItemProxy */;
		};
		C65D59E5224701370019F0C2 /* PBXTargetDependency */ = {
			isa = PBXTargetDependency;
			target = C65D59C3224701340019F0C2 /* WhatsApple-iOS */;
			targetProxy = C65D59E4224701370019F0C2 /* PBXContainerItemProxy */;
		};
/* End PBXTargetDependency section */

/* Begin PBXVariantGroup section */
		C65D59CB224701340019F0C2 /* Main.storyboard */ = {
			isa = PBXVariantGroup;
			children = (
				C65D59CC224701340019F0C2 /* Base */,
			);
			name = Main.storyboard;
			sourceTree = "<group>";
		};
		C65D59D0224701370019F0C2 /* LaunchScreen.storyboard */ = {
			isa = PBXVariantGroup;
			children = (
				C65D59D1224701370019F0C2 /* Base */,
			);
			name = LaunchScreen.storyboard;
			sourceTree = "<group>";
		};
/* End PBXVariantGroup section */

/* Begin XCBuildConfiguration section */
		C65D59EA224701370019F0C2 /* Debug */ = {
			isa = XCBuildConfiguration;
			buildSettings = {
				ALWAYS_SEARCH_USER_PATHS = NO;
				CLANG_ANALYZER_NONNULL = YES;
				CLANG_ANALYZER_NUMBER_OBJECT_CONVERSION = YES_AGGRESSIVE;
				CLANG_CXX_LANGUAGE_STANDARD = "gnu++14";
				CLANG_CXX_LIBRARY = "libc++";
				CLANG_ENABLE_MODULES = YES;
				CLANG_ENABLE_OBJC_ARC = YES;
				CLANG_ENABLE_OBJC_WEAK = YES;
				CLANG_WARN_BLOCK_CAPTURE_AUTORELEASING = YES;
				CLANG_WARN_BOOL_CONVERSION = YES;
				CLANG_WARN_COMMA = YES;
				CLANG_WARN_CONSTANT_CONVERSION = YES;
				CLANG_WARN_DEPRECATED_OBJC_IMPLEMENTATIONS = YES;
				CLANG_WARN_DIRECT_OBJC_ISA_USAGE = YES_ERROR;
				CLANG_WARN_DOCUMENTATION_COMMENTS = YES;
				CLANG_WARN_EMPTY_BODY = YES;
				CLANG_WARN_ENUM_CONVERSION = YES;
				CLANG_WARN_INFINITE_RECURSION = YES;
				CLANG_WARN_INT_CONVERSION = YES;
				CLANG_WARN_NON_LITERAL_NULL_CONVERSION = YES;
				CLANG_WARN_OBJC_IMPLICIT_RETAIN_SELF = YES;
				CLANG_WARN_OBJC_LITERAL_CONVERSION = YES;
				CLANG_WARN_OBJC_ROOT_CLASS = YES_ERROR;
				CLANG_WARN_RANGE_LOOP_ANALYSIS = YES;
				CLANG_WARN_STRICT_PROTOTYPES = YES;
				CLANG_WARN_SUSPICIOUS_MOVE = YES;
				CLANG_WARN_UNGUARDED_AVAILABILITY = YES_AGGRESSIVE;
				CLANG_WARN_UNREACHABLE_CODE = YES;
				CLANG_WARN__DUPLICATE_METHOD_MATCH = YES;
				CODE_SIGN_IDENTITY = "iPhone Developer";
				COPY_PHASE_STRIP = NO;
				DEBUG_INFORMATION_FORMAT = dwarf;
				ENABLE_STRICT_OBJC_MSGSEND = YES;
				ENABLE_TESTABILITY = YES;
				GCC_C_LANGUAGE_STANDARD = gnu11;
				GCC_DYNAMIC_NO_PIC = NO;
				GCC_NO_COMMON_BLOCKS = YES;
				GCC_OPTIMIZATION_LEVEL = 0;
				GCC_PREPROCESSOR_DEFINITIONS = (
					"DEBUG=1",
					"$(inherited)",
				);
				GCC_WARN_64_TO_32_BIT_CONVERSION = YES;
				GCC_WARN_ABOUT_RETURN_TYPE = YES_ERROR;
				GCC_WARN_UNDECLARED_SELECTOR = YES;
				GCC_WARN_UNINITIALIZED_AUTOS = YES_AGGRESSIVE;
				GCC_WARN_UNUSED_FUNCTION = YES;
				GCC_WARN_UNUSED_VARIABLE = YES;
				IPHONEOS_DEPLOYMENT_TARGET = 12.1;
				MTL_ENABLE_DEBUG_INFO = INCLUDE_SOURCE;
				MTL_FAST_MATH = YES;
				ONLY_ACTIVE_ARCH = YES;
				SDKROOT = iphoneos;
				SWIFT_ACTIVE_COMPILATION_CONDITIONS = DEBUG;
				SWIFT_OPTIMIZATION_LEVEL = "-Onone";
			};
			name = Debug;
		};
		C65D59EB224701370019F0C2 /* Release */ = {
			isa = XCBuildConfiguration;
			buildSettings = {
				ALWAYS_SEARCH_USER_PATHS = NO;
				CLANG_ANALYZER_NONNULL = YES;
				CLANG_ANALYZER_NUMBER_OBJECT_CONVERSION = YES_AGGRESSIVE;
				CLANG_CXX_LANGUAGE_STANDARD = "gnu++14";
				CLANG_CXX_LIBRARY = "libc++";
				CLANG_ENABLE_MODULES = YES;
				CLANG_ENABLE_OBJC_ARC = YES;
				CLANG_ENABLE_OBJC_WEAK = YES;
				CLANG_WARN_BLOCK_CAPTURE_AUTORELEASING = YES;
				CLANG_WARN_BOOL_CONVERSION = YES;
				CLANG_WARN_COMMA = YES;
				CLANG_WARN_CONSTANT_CONVERSION = YES;
				CLANG_WARN_DEPRECATED_OBJC_IMPLEMENTATIONS = YES;
				CLANG_WARN_DIRECT_OBJC_ISA_USAGE = YES_ERROR;
				CLANG_WARN_DOCUMENTATION_COMMENTS = YES;
				CLANG_WARN_EMPTY_BODY = YES;
				CLANG_WARN_ENUM_CONVERSION = YES;
				CLANG_WARN_INFINITE_RECURSION = YES;
				CLANG_WARN_INT_CONVERSION = YES;
				CLANG_WARN_NON_LITERAL_NULL_CONVERSION = YES;
				CLANG_WARN_OBJC_IMPLICIT_RETAIN_SELF = YES;
				CLANG_WARN_OBJC_LITERAL_CONVERSION = YES;
				CLANG_WARN_OBJC_ROOT_CLASS = YES_ERROR;
				CLANG_WARN_RANGE_LOOP_ANALYSIS = YES;
				CLANG_WARN_STRICT_PROTOTYPES = YES;
				CLANG_WARN_SUSPICIOUS_MOVE = YES;
				CLANG_WARN_UNGUARDED_AVAILABILITY = YES_AGGRESSIVE;
				CLANG_WARN_UNREACHABLE_CODE = YES;
				CLANG_WARN__DUPLICATE_METHOD_MATCH = YES;
				CODE_SIGN_IDENTITY = "iPhone Developer";
				COPY_PHASE_STRIP = NO;
				DEBUG_INFORMATION_FORMAT = "dwarf-with-dsym";
				ENABLE_NS_ASSERTIONS = NO;
				ENABLE_STRICT_OBJC_MSGSEND = YES;
				GCC_C_LANGUAGE_STANDARD = gnu11;
				GCC_NO_COMMON_BLOCKS = YES;
				GCC_WARN_64_TO_32_BIT_CONVERSION = YES;
				GCC_WARN_ABOUT_RETURN_TYPE = YES_ERROR;
				GCC_WARN_UNDECLARED_SELECTOR = YES;
				GCC_WARN_UNINITIALIZED_AUTOS = YES_AGGRESSIVE;
				GCC_WARN_UNUSED_FUNCTION = YES;
				GCC_WARN_UNUSED_VARIABLE = YES;
				IPHONEOS_DEPLOYMENT_TARGET = 12.1;
				MTL_ENABLE_DEBUG_INFO = NO;
				MTL_FAST_MATH = YES;
				SDKROOT = iphoneos;
				SWIFT_COMPILATION_MODE = wholemodule;
				SWIFT_OPTIMIZATION_LEVEL = "-O";
				VALIDATE_PRODUCT = YES;
			};
			name = Release;
		};
		C65D59ED224701370019F0C2 /* Debug */ = {
			isa = XCBuildConfiguration;
			buildSettings = {
				ASSETCATALOG_COMPILER_APPICON_NAME = AppIcon;
				CODE_SIGN_STYLE = Automatic;
				DEVELOPMENT_TEAM = CLMP96V6R4;
				INFOPLIST_FILE = "WhatsApple-iOS/Info.plist";
				IPHONEOS_DEPLOYMENT_TARGET = 12.0;
				LD_RUNPATH_SEARCH_PATHS = (
					"$(inherited)",
					"@executable_path/Frameworks",
				);
				PRODUCT_BUNDLE_IDENTIFIER = "com.gggcubed.WhatsApple-iOS";
				PRODUCT_NAME = "$(TARGET_NAME)";
				SWIFT_VERSION = 4.2;
				TARGETED_DEVICE_FAMILY = "1,2";
			};
			name = Debug;
		};
		C65D59EE224701370019F0C2 /* Release */ = {
			isa = XCBuildConfiguration;
			buildSettings = {
				ASSETCATALOG_COMPILER_APPICON_NAME = AppIcon;
				CODE_SIGN_STYLE = Automatic;
				DEVELOPMENT_TEAM = CLMP96V6R4;
				INFOPLIST_FILE = "WhatsApple-iOS/Info.plist";
				IPHONEOS_DEPLOYMENT_TARGET = 12.0;
				LD_RUNPATH_SEARCH_PATHS = (
					"$(inherited)",
					"@executable_path/Frameworks",
				);
				PRODUCT_BUNDLE_IDENTIFIER = "com.gggcubed.WhatsApple-iOS";
				PRODUCT_NAME = "$(TARGET_NAME)";
				SWIFT_VERSION = 4.2;
				TARGETED_DEVICE_FAMILY = "1,2";
			};
			name = Release;
		};
		C65D59F0224701370019F0C2 /* Debug */ = {
			isa = XCBuildConfiguration;
			buildSettings = {
				ALWAYS_EMBED_SWIFT_STANDARD_LIBRARIES = YES;
				BUNDLE_LOADER = "$(TEST_HOST)";
				CODE_SIGN_STYLE = Automatic;
				DEVELOPMENT_TEAM = CLMP96V6R4;
				INFOPLIST_FILE = "WhatsApple-iOSTests/Info.plist";
				LD_RUNPATH_SEARCH_PATHS = (
					"$(inherited)",
					"@executable_path/Frameworks",
					"@loader_path/Frameworks",
				);
				PRODUCT_BUNDLE_IDENTIFIER = "com.gggcubed.WhatsApple-iOSTests";
				PRODUCT_NAME = "$(TARGET_NAME)";
				SWIFT_VERSION = 4.2;
				TARGETED_DEVICE_FAMILY = "1,2";
				TEST_HOST = "$(BUILT_PRODUCTS_DIR)/WhatsApple-iOS.app/WhatsApple-iOS";
			};
			name = Debug;
		};
		C65D59F1224701370019F0C2 /* Release */ = {
			isa = XCBuildConfiguration;
			buildSettings = {
				ALWAYS_EMBED_SWIFT_STANDARD_LIBRARIES = YES;
				BUNDLE_LOADER = "$(TEST_HOST)";
				CODE_SIGN_STYLE = Automatic;
				DEVELOPMENT_TEAM = CLMP96V6R4;
				INFOPLIST_FILE = "WhatsApple-iOSTests/Info.plist";
				LD_RUNPATH_SEARCH_PATHS = (
					"$(inherited)",
					"@executable_path/Frameworks",
					"@loader_path/Frameworks",
				);
				PRODUCT_BUNDLE_IDENTIFIER = "com.gggcubed.WhatsApple-iOSTests";
				PRODUCT_NAME = "$(TARGET_NAME)";
				SWIFT_VERSION = 4.2;
				TARGETED_DEVICE_FAMILY = "1,2";
				TEST_HOST = "$(BUILT_PRODUCTS_DIR)/WhatsApple-iOS.app/WhatsApple-iOS";
			};
			name = Release;
		};
		C65D59F3224701370019F0C2 /* Debug */ = {
			isa = XCBuildConfiguration;
			buildSettings = {
				ALWAYS_EMBED_SWIFT_STANDARD_LIBRARIES = YES;
				CODE_SIGN_STYLE = Automatic;
				DEVELOPMENT_TEAM = CLMP96V6R4;
				INFOPLIST_FILE = "WhatsApple-iOSUITests/Info.plist";
				LD_RUNPATH_SEARCH_PATHS = (
					"$(inherited)",
					"@executable_path/Frameworks",
					"@loader_path/Frameworks",
				);
				PRODUCT_BUNDLE_IDENTIFIER = "com.gggcubed.WhatsApple-iOSUITests";
				PRODUCT_NAME = "$(TARGET_NAME)";
				SWIFT_VERSION = 4.2;
				TARGETED_DEVICE_FAMILY = "1,2";
				TEST_TARGET_NAME = "WhatsApple-iOS";
			};
			name = Debug;
		};
		C65D59F4224701370019F0C2 /* Release */ = {
			isa = XCBuildConfiguration;
			buildSettings = {
				ALWAYS_EMBED_SWIFT_STANDARD_LIBRARIES = YES;
				CODE_SIGN_STYLE = Automatic;
				DEVELOPMENT_TEAM = CLMP96V6R4;
				INFOPLIST_FILE = "WhatsApple-iOSUITests/Info.plist";
				LD_RUNPATH_SEARCH_PATHS = (
					"$(inherited)",
					"@executable_path/Frameworks",
					"@loader_path/Frameworks",
				);
				PRODUCT_BUNDLE_IDENTIFIER = "com.gggcubed.WhatsApple-iOSUITests";
				PRODUCT_NAME = "$(TARGET_NAME)";
				SWIFT_VERSION = 4.2;
				TARGETED_DEVICE_FAMILY = "1,2";
				TEST_TARGET_NAME = "WhatsApple-iOS";
			};
			name = Release;
		};
/* End XCBuildConfiguration section */

/* Begin XCConfigurationList section */
		C65D59BF224701340019F0C2 /* Build configuration list for PBXProject "WhatsApple-iOS" */ = {
			isa = XCConfigurationList;
			buildConfigurations = (
				C65D59EA224701370019F0C2 /* Debug */,
				C65D59EB224701370019F0C2 /* Release */,
			);
			defaultConfigurationIsVisible = 0;
			defaultConfigurationName = Release;
		};
		C65D59EC224701370019F0C2 /* Build configuration list for PBXNativeTarget "WhatsApple-iOS" */ = {
			isa = XCConfigurationList;
			buildConfigurations = (
				C65D59ED224701370019F0C2 /* Debug */,
				C65D59EE224701370019F0C2 /* Release */,
			);
			defaultConfigurationIsVisible = 0;
			defaultConfigurationName = Release;
		};
		C65D59EF224701370019F0C2 /* Build configuration list for PBXNativeTarget "WhatsApple-iOSTests" */ = {
			isa = XCConfigurationList;
			buildConfigurations = (
				C65D59F0224701370019F0C2 /* Debug */,
				C65D59F1224701370019F0C2 /* Release */,
			);
			defaultConfigurationIsVisible = 0;
			defaultConfigurationName = Release;
		};
		C65D59F2224701370019F0C2 /* Build configuration list for PBXNativeTarget "WhatsApple-iOSUITests" */ = {
			isa = XCConfigurationList;
			buildConfigurations = (
				C65D59F3224701370019F0C2 /* Debug */,
				C65D59F4224701370019F0C2 /* Release */,
			);
			defaultConfigurationIsVisible = 0;
			defaultConfigurationName = Release;
		};
/* End XCConfigurationList section */
	};
	rootObject = C65D59BC224701340019F0C2 /* Project object */;
}
